Microsoft Visual Studio Solution File, Format Version 12.00
# Visual Studio Version 17
VisualStudioVersion = 17.0.31903.59
MinimumVisualStudioVersion = 10.0.40219.1
Project("{9A19103F-16F7-4668-BE54-9A1E7A4F7556}") = "Idasletten", "Idasletten\Idasletten.csproj", "{B6E1D034-1A19-4633-9D14-656F3D7D1125}"
EndProject
Project("{9A19103F-16F7-4668-BE54-9A1E7A4F7556}") = "Idasletten.Tests", "Idasletten.Tests\Idasletten.Tests.csproj", "{A8F4D05E-2B19-4633-9D14-656F3D7D1126}"
EndProject
Global
	GlobalSection(SolutionConfigurationPlatforms) = preSolution
		Debug|Any CPU = Debug|Any CPU
		Release|Any CPU = Release|Any CPU
	EndGlobalSection
	GlobalSection(ProjectConfigurationPlatforms) = postSolution
		{B6E1D034-1A19-4633-9D14-656F3D7D1125}.Debug|Any CPU.ActiveCfg = Debug|Any CPU
		{B6E1D034-1A19-4633-9D14-656F3D7D1125}.Debug|Any CPU.Build.0 = Debug|Any CPU
		{B6E1D034-1A19-4633-9D14-656F3D7D1125}.Release|Any CPU.ActiveCfg = Release|Any CPU
		{B6E1D034-1A19-4633-9D14-656F3D7D1125}.Release|Any CPU.Build.0 = Release|Any CPU
		{A8F4D05E-2B19-4633-9D14-656F3D7D1126}.Debug|Any CPU.ActiveCfg = Debug|Any CPU
		{A8F4D05E-2B19-4633-9D14-656F3D7D1126}.Debug|Any CPU.Build.0 = Debug|Any CPU
		{A8F4D05E-2B19-4633-9D14-656F3D7D1126}.Release|Any CPU.ActiveCfg = Release|Any CPU
		{A8F4D05E-2B19-4633-9D14-656F3D7D1126}.Release|Any CPU.Build.0 = Release|Any CPU
	EndGlobalSection
	GlobalSection(SolutionProperties) = preSolution
		HideSolutionNode = FALSE
	EndGlobalSection
	GlobalSection(ExtensibilityGlobals) = postSolution
		SolutionGuid = {D8F4D05E-2B19-4633-9D14-656F3D7D1127}
	EndGlobalSection
EndGlobal
